github.com/shellyln/go-loose-json-parser v0.0.18 h1:y1Uq5OLsylwAQef15Fd/ylRWUgSPQ1BxtpWFNzGXO5c=
github.com/shellyln/go-loose-json-parser v0.0.18/go.mod h1:+uqxOjjXySGytWAnFgBdG6i59yz3FBlpfulsaL+L7Ow=
github.com/shellyln/go-nameutil v0.0.2 h1:K5qEhqTlfXs620C3ECdcM6I6KsQQV+jjFiMBonDII3s=
github.com/shellyln/go-nameutil v0.0.2/go.mod h1:pbg084sJdrtGqmzs0pT8fPkitcoY3eSJNi4aZxtA8O0=
github.com/shellyln/go-sql-like-expr v0.0.1 h1:JSAB4bls8scANYO0+FXRln96GOeIziYy93FqgtmZaNQ=
github.com/shellyln/go-sql-like-expr v0.0.1/go.mod h1:vyIf1Z9UNYnw7x4+rX3u1lEnkMWs4uppxZT8pZ0M/5s=
github.com/shellyln/takenoco v0.0.11 h1:MqO+Qtc4h583pTb8xwndpGSqoVlcNR9O/n4LGQ5CgLI=
